
Microsoft Visual Studio Solution File, Format Version 12.00
# Visual Studio Version 16
VisualStudioVersion = 16.0.31702.278
MinimumVisualStudioVersion = 10.0.40219.1
Project("{FAE04EC0-301F-11D3-BF4B-00C04F79EFBC}") = "Laba4.3", "Laba4.3\Laba4.3.csproj", "{8FA97601-B494-4455-8932-1B65AF2C4848}"
EndProject
Global
	GlobalSection(SolutionConfigurationPlatforms) = preSolution
		Debug|Any CPU = Debug|Any CPU
		Release|Any CPU = Release|Any CPU
	EndGlobalSection
	GlobalSection(ProjectConfigurationPlatforms) = postSolution
		{8FA97601-B494-4455-8932-1B65AF2C4848}.Debug|Any CPU.ActiveCfg = Debug|Any CPU
		{8FA97601-B494-4455-8932-1B65AF2C4848}.Debug|Any CPU.Build.0 = Debug|Any CPU
		{8FA97601-B494-4455-8932-1B65AF2C4848}.Release|Any CPU.ActiveCfg = Release|Any CPU
		{8FA97601-B494-4455-8932-1B65AF2C4848}.Release|Any CPU.Build.0 = Release|Any CPU
	EndGlobalSection
	GlobalSection(SolutionProperties) = preSolution
		HideSolutionNode = FALSE
	EndGlobalSection
	GlobalSection(ExtensibilityGlobals) = postSolution
		SolutionGuid = {F7CB1488-642A-4571-AEAF-DA93BBBFCAEA}
	EndGlobalSection
EndGlobal
